#MicroXplorer Configuration settings - do not modify
ADC1.Channel-1\#ChannelRegularConversion=ADC_CHANNEL_3
ADC1.EnableInjectedConversion=DISABLE
ADC1.IPParameters=Rank-1\#ChannelRegularConversion,Channel-1\#ChannelRegularConversion,SamplingTime-1\#ChannelRegularConversion,OffsetNumber-1\#ChannelRegularConversion,NbrOfConversionFlag,master,EnableInjectedConversion
ADC1.NbrOfConversionFlag=1
ADC1.OffsetNumber-1\#ChannelRegularConversion=ADC_OFFSET_NONE
ADC1.Rank-1\#ChannelRegularConversion=1
ADC1.SamplingTime-1\#ChannelRegularConversion=ADC_SAMPLETIME_2CYCLES_5
ADC1.master=1
ADC2.Channel-5\#ChannelRegularConversion=ADC_CHANNEL_4
ADC2.Channel-6\#ChannelRegularConversion=ADC_CHANNEL_5
ADC2.EnableInjectedConversion=ENABLE
ADC2.EnableRegularConversion=ENABLE
ADC2.ExternalTrigInjecConv=ADC_EXTERNALTRIGINJEC_HRTIM_TRG2
ADC2.IPParameters=EnableInjectedConversion,InjectedRank-1\#ChannelInjectedConversion,InjectedChannel-1\#ChannelInjectedConversion,Rank1_Channel,InjectedSamplingTime-1\#ChannelInjectedConversion,InjectedOffsetNumber-1\#ChannelInjectedConversion,InjectedRank-2\#ChannelInjectedConversion,InjectedChannel-2\#ChannelInjectedConversion,Rank2_Channel,InjectedSamplingTime-2\#ChannelInjectedConversion,InjectedOffsetNumber-2\#ChannelInjectedConversion,InjectedRank-3\#ChannelInjectedConversion,InjectedChannel-3\#ChannelInjectedConversion,Rank3_Channel,InjectedSamplingTime-3\#ChannelInjectedConversion,InjectedOffsetNumber-3\#ChannelInjectedConversion,InjectedRank-4\#ChannelInjectedConversion,InjectedChannel-4\#ChannelInjectedConversion,Rank4_Channel,InjectedSamplingTime-4\#ChannelInjectedConversion,InjectedOffsetNumber-4\#ChannelInjectedConversion,InjNumberOfConversion,ExternalTrigInjecConv,EnableRegularConversion,Rank-5\#ChannelRegularConversion,Channel-5\#ChannelRegularConversion,SamplingTime-5\#ChannelRegularConversion,OffsetNumber-5\#ChannelRegularConversion,NbrOfConversionFlag,Rank-6\#ChannelRegularConversion,Channel-6\#ChannelRegularConversion,SamplingTime-6\#ChannelRegularConversion,OffsetNumber-6\#ChannelRegularConversion,NbrOfConversion
ADC2.InjNumberOfConversion=4
ADC2.InjectedChannel-1\#ChannelInjectedConversion=ADC_CHANNEL_VOPAMP2
ADC2.InjectedChannel-2\#ChannelInjectedConversion=ADC_CHANNEL_2
ADC2.InjectedChannel-3\#ChannelInjectedConversion=ADC_CHANNEL_12
ADC2.InjectedChannel-4\#ChannelInjectedConversion=ADC_CHANNEL_15
ADC2.InjectedOffsetNumber-1\#ChannelInjectedConversion=ADC_OFFSET_NONE
ADC2.InjectedOffsetNumber-2\#ChannelInjectedConversion=ADC_OFFSET_NONE
ADC2.InjectedOffsetNumber-3\#ChannelInjectedConversion=ADC_OFFSET_NONE
ADC2.InjectedOffsetNumber-4\#ChannelInjectedConversion=ADC_OFFSET_NONE
ADC2.InjectedRank-1\#ChannelInjectedConversion=1
ADC2.InjectedRank-2\#ChannelInjectedConversion=2
ADC2.InjectedRank-3\#ChannelInjectedConversion=3
ADC2.InjectedRank-4\#ChannelInjectedConversion=4
ADC2.InjectedSamplingTime-1\#ChannelInjectedConversion=ADC_SAMPLETIME_92CYCLES_5
ADC2.InjectedSamplingTime-2\#ChannelInjectedConversion=ADC_SAMPLETIME_92CYCLES_5
ADC2.InjectedSamplingTime-3\#ChannelInjectedConversion=ADC_SAMPLETIME_92CYCLES_5
ADC2.InjectedSamplingTime-4\#ChannelInjectedConversion=ADC_SAMPLETIME_92CYCLES_5
ADC2.NbrOfConversion=2
ADC2.NbrOfConversionFlag=1
ADC2.OffsetNumber-5\#ChannelRegularConversion=ADC_OFFSET_NONE
ADC2.OffsetNumber-6\#ChannelRegularConversion=ADC_OFFSET_NONE
ADC2.Rank-5\#ChannelRegularConversion=1
ADC2.Rank-6\#ChannelRegularConversion=2
ADC2.Rank1_Channel=ADC_CHANNEL_VOPAMP2
ADC2.Rank2_Channel=ADC_CHANNEL_2
ADC2.Rank3_Channel=ADC_CHANNEL_12
ADC2.Rank4_Channel=ADC_CHANNEL_15
ADC2.SamplingTime-5\#ChannelRegularConversion=ADC_SAMPLETIME_247CYCLES_5
ADC2.SamplingTime-6\#ChannelRegularConversion=ADC_SAMPLETIME_247CYCLES_5
File.Version=6
HRTIM1.ADCTrigger1_Source1=HRTIM_ADCTRIGGEREVENT13_TIMERD_CMP3
HRTIM1.ADCTrigger2_Source1=HRTIM_ADCTRIGGEREVENT24_TIMERD_CMP2
HRTIM1.ADCTrigger_Id1=__NULL
HRTIM1.ADCTrigger_Id2=HRTIM_ADCTRIGGER_2
HRTIM1.CompareUnit1-Output_TC1TC2=HRTIM_COMPAREUNIT_1
HRTIM1.CompareUnit1-Output_TD1=HRTIM_COMPAREUNIT_1
HRTIM1.CompareUnit2-Output_TD1=HRTIM_COMPAREUNIT_2
HRTIM1.CompareUnit3-Output_TD1=__NULL
HRTIM1.CompareValue1-Output_TC1TC2=HF_PERIOD/2
HRTIM1.CompareValue1-Output_TD1=0
HRTIM1.CompareValue2-Output_TD1=127
HRTIM1.CompareValue3-Output_TD1=1023
HRTIM1.Configuration_TC=Waveform
HRTIM1.Configuration_TD=Waveform
HRTIM1.DeadTimeInsertion-Output_TC1TC2=HRTIM_TIMDEADTIMEINSERTION_ENABLED
HRTIM1.Event_EEV1=__NULL
HRTIM1.FallingValue-Output_TC1TC2=DT_FALLING
HRTIM1.IPParameters=Configuration_TC,OCChannel_TC1,PWMChannel_TC1,PrescalerRatio_TC,Periode_TC,PWMChannel_TC2,DeadTimeInsertion-Output_TC1TC2,Polarity2-Output_TC1TC2,Configuration_TD,Periode_TD,PWMChannel_TD1,PWMPulse_TD1,RepetitionCounter-Output_TD1,Event_EEV1,ADCTrigger_Id1,ORingUpdateSource_ADCTrigger1,CompareUnit1-Output_TC1TC2,PreloadEnable-Output_TC1TC2,RisingValue-Output_TC1TC2,FallingValue-Output_TC1TC2,NumberSetSource1-Output_TC1TC2,NumberResetSource1-Output_TC1TC2,SetOutput1_Source1-Output_TC1TC2,CompareValue1-Output_TC1TC2,ResetOutput1_Source1-Output_TC1TC2,CompareUnit1-Output_TD1,CompareValue1-Output_TD1,NumberSetSource1-Output_TD1,SetOutput1_Source1-Output_TD1,NumberResetSource1-Output_TD1,ResetOutput1_Source1-Output_TD1,NumberADCTriggerSource1,CompareUnit3-Output_TD1,CompareValue3-Output_TD1,ADCTrigger1_Source1,ADCTrigger_Id2,ORingUpdateSource_ADCTrigger2,NumberADCTriggerSource2,CompareUnit2-Output_TD1,CompareValue2-Output_TD1,ADCTrigger2_Source1,PreloadEnable-Output_TD1,NumberSetSource2_TC,NumberResetSource2_TC,SetOutput2_Source1-Output_TC1TC2,ResetOutput2_Source1-Output_TC1TC2,RepetitionUpdate-Output_TD1,RepetitionUpdate-Output_TC1TC2,Polarity1-Output_TC1TC2
HRTIM1.IPParametersWithoutCheck=CompareValue1-Output_TC1TC2,RisingValue-Output_TC1TC2,Periode_TD,Periode_TC,FallingValue-Output_TC1TC2
HRTIM1.NumberADCTriggerSource1=1
HRTIM1.NumberADCTriggerSource2=1
HRTIM1.NumberResetSource1-Output_TC1TC2=1
HRTIM1.NumberResetSource1-Output_TD1=1
HRTIM1.NumberResetSource2_TC=0
HRTIM1.NumberSetSource1-Output_TC1TC2=1
HRTIM1.NumberSetSource1-Output_TD1=1
HRTIM1.NumberSetSource2_TC=0
HRTIM1.OCChannel_TC1=__NULL
HRTIM1.ORingUpdateSource_ADCTrigger1=HRTIM_ADCTRIGGERUPDATE_TIMER_D
HRTIM1.ORingUpdateSource_ADCTrigger2=HRTIM_ADCTRIGGERUPDATE_TIMER_D
HRTIM1.PWMChannel_TC1=HRTIM_OUTPUT_TC1
HRTIM1.PWMChannel_TC2=HRTIM_OUTPUT_TC2
HRTIM1.PWMChannel_TD1=HRTIM_OUTPUT_TD1
HRTIM1.PWMPulse_TD1=127
HRTIM1.Periode_TC=HF_PERIOD
HRTIM1.Periode_TD=SEPIC_PERIOD
HRTIM1.Polarity1-Output_TC1TC2=HRTIM_OUTPUTPOLARITY_LOW
HRTIM1.Polarity2-Output_TC1TC2=HRTIM_OUTPUTPOLARITY_HIGH
HRTIM1.PreloadEnable-Output_TC1TC2=HRTIM_PRELOAD_ENABLED
HRTIM1.PreloadEnable-Output_TD1=HRTIM_PRELOAD_ENABLED
HRTIM1.PrescalerRatio_TC=HRTIM_PRESCALERRATIO_MUL32
HRTIM1.RepetitionCounter-Output_TD1=31
HRTIM1.RepetitionUpdate-Output_TC1TC2=HRTIM_UPDATEONREPETITION_ENABLED
HRTIM1.RepetitionUpdate-Output_TD1=HRTIM_UPDATEONREPETITION_ENABLED
HRTIM1.ResetOutput1_Source1-Output_TC1TC2=HRTIM_OUTPUTRESET_TIMPER
HRTIM1.ResetOutput1_Source1-Output_TD1=HRTIM_OUTPUTRESET_TIMCMP1
HRTIM1.ResetOutput2_Source1-Output_TC1TC2=HRTIM_OUTPUTRESET_TIMCMP1
HRTIM1.RisingValue-Output_TC1TC2=DT_RISING
HRTIM1.SetOutput1_Source1-Output_TC1TC2=HRTIM_OUTPUTSET_TIMCMP1
HRTIM1.SetOutput1_Source1-Output_TD1=HRTIM_OUTPUTSET_TIMPER
HRTIM1.SetOutput2_Source1-Output_TC1TC2=HRTIM_OUTPUTSET_TIMPER
I2C1.I2C_Speed_Mode=I2C_Fast
I2C1.IPParameters=Timing,I2C_Speed_Mode
I2C1.Timing=0x00E057FD
KeepUserPlacement=false
Mcu.Family=STM32G4
Mcu.IP0=ADC1
Mcu.IP1=ADC2
Mcu.IP10=OPAMP2
Mcu.IP11=RCC
Mcu.IP12=SYS
Mcu.IP13=UCPD1
Mcu.IP14=USB
Mcu.IP2=COMP1
Mcu.IP3=COMP3
Mcu.IP4=DAC1
Mcu.IP5=DAC3
Mcu.IP6=HRTIM1
Mcu.IP7=I2C1
Mcu.IP8=NVIC
Mcu.IP9=OPAMP1
Mcu.IPNb=15
Mcu.Name=STM32G474C(B-C-E)Ux
Mcu.Package=UFQFPN48
Mcu.Pin0=PF0-OSC_IN
Mcu.Pin1=PF1-OSC_OUT
Mcu.Pin10=PC4
Mcu.Pin11=PB0
Mcu.Pin12=PB1
Mcu.Pin13=PB2
Mcu.Pin14=VREF+
Mcu.Pin15=PB12
Mcu.Pin16=PB13
Mcu.Pin17=PB14
Mcu.Pin18=PB15
Mcu.Pin19=PA9
Mcu.Pin2=PA0
Mcu.Pin20=PA10
Mcu.Pin21=PA11
Mcu.Pin22=PA12
Mcu.Pin23=PA13
Mcu.Pin24=PA14
Mcu.Pin25=PA15
Mcu.Pin26=PC10
Mcu.Pin27=PC11
Mcu.Pin28=PB3
Mcu.Pin29=PB4
Mcu.Pin3=PA1
Mcu.Pin30=PB5
Mcu.Pin31=PB6
Mcu.Pin32=PB7
Mcu.Pin33=PB8-BOOT0
Mcu.Pin34=PB9
Mcu.Pin35=VP_ADC1_OPAMP_INTERNAL1
Mcu.Pin36=VP_ADC2_OPAMP_INTERNAL2
Mcu.Pin37=VP_COMP1_VS_DAC1OUT1
Mcu.Pin38=VP_COMP3_VS_DAC3OUT1
Mcu.Pin39=VP_DAC3_VS_DACI1
Mcu.Pin4=PA2
Mcu.Pin40=VP_SYS_VS_Systick
Mcu.Pin41=VP_SYS_VS_DBSignals
Mcu.Pin5=PA3
Mcu.Pin6=PA4
Mcu.Pin7=PA5
Mcu.Pin8=PA6
Mcu.Pin9=PA7
Mcu.PinsNb=42
Mcu.ThirdPartyNb=0
Mcu.UserConstants=
Mcu.UserName=STM32G474CBUx
MxCube.Version=5.4.0
MxDb.Version=DB.5.0.40
NVIC.BusFault_IRQn=true\:0\:0\:false\:false\:true\:false\:false
NVIC.DebugMonitor_IRQn=true\:0\:0\:false\:false\:true\:false\:false
NVIC.ForceEnableDMAVector=true
NVIC.HRTIM1_TIMD_IRQn=true\:0\:0\:false\:false\:true\:true\:true
NVIC.HardFault_IRQn=true\:0\:0\:false\:false\:true\:false\:false
NVIC.MemoryManagement_IRQn=true\:0\:0\:false\:false\:true\:false\:false
NVIC.NonMaskableInt_IRQn=true\:0\:0\:false\:false\:true\:false\:false
NVIC.PendSV_IRQn=true\:0\:0\:false\:false\:true\:false\:false
NVIC.PriorityGroup=NVIC_PRIORITYGROUP_4
NVIC.SVCall_IRQn=true\:0\:0\:false\:false\:true\:false\:false
NVIC.SysTick_IRQn=true\:0\:0\:false\:false\:true\:false\:true
NVIC.UsageFault_IRQn=true\:0\:0\:false\:false\:true\:false\:false
OPAMP1.IPParameters=PowerMode,PgaGain
OPAMP1.PgaGain=OPAMP_PGA_GAIN_16_OR_MINUS_15
OPAMP1.PowerMode=OPAMP_POWERMODE_HIGHSPEED
OPAMP2.IPParameters=PgaGain,PowerMode
OPAMP2.PgaGain=OPAMP_PGA_GAIN_16_OR_MINUS_15
OPAMP2.PowerMode=OPAMP_POWERMODE_HIGHSPEED
PA0.Locked=true
PA0.Mode=INP
PA0.Signal=COMP3_INP
PA1.Locked=true
PA1.Mode=IN2-Single-Ended
PA1.Signal=ADC2_IN2
PA10.Mode=EnableDeadBattery
PA10.Signal=UCPD1_DBCC2
PA11.Mode=Device
PA11.Signal=USB_DM
PA12.Mode=Device
PA12.Signal=USB_DP
PA13.Mode=Serial_Wire
PA13.Signal=SYS_JTMS-SWDIO
PA14.Mode=Serial_Wire
PA14.Signal=SYS_JTCK-SWCLK
PA15.Mode=I2C
PA15.Signal=I2C1_SCL
PA2.Locked=true
PA2.Mode=IN3-Single-Ended
PA2.Signal=ADC1_IN3
PA3.Mode=PGA_Internally_Connected
PA3.Signal=OPAMP1_VINP
PA4.Signal=COMP_DAC11_group
PA5.Mode=PGA Connected
PA5.Signal=OPAMP2_VINM
PA6.Mode=PGA Connected
PA6.Signal=OPAMP2_VOUT
PA7.Mode=IN4-Single-Ended
PA7.Signal=ADC2_IN4
PA9.Mode=EnableDeadBattery
PA9.Signal=UCPD1_DBCC1
PB0.Mode=PGA Connected
PB0.Signal=OPAMP2_VINP
PB1.Locked=true
PB1.Mode=INP
PB1.Signal=COMP1_INP
PB12.Mode=Output_TC1TC2
PB12.Signal=HRTIM1_CHC1
PB13.Mode=Output_TC1TC2
PB13.Signal=HRTIM1_CHC2
PB14.Mode=Output_TD1
PB14.Signal=HRTIM1_CHD1
PB15.Mode=IN15-Single-Ended
PB15.Signal=ADC2_IN15
PB2.Mode=IN12-Single-Ended
PB2.Signal=ADC2_IN12
PB3.GPIOParameters=GPIO_Label
PB3.GPIO_Label=LED1
PB3.Locked=true
PB3.Signal=GPIO_Output
PB4.Locked=true
PB4.Mode=Sink_AllSignals
PB4.Signal=UCPD1_CC2
PB5.Locked=true
PB5.Signal=GPIO_Output
PB6.Locked=true
PB6.Mode=Sink_AllSignals
PB6.Signal=UCPD1_CC1
PB7.Locked=true
PB7.Signal=GPIO_Output
PB8-BOOT0.GPIOParameters=GPIO_Label
PB8-BOOT0.GPIO_Label=BOOT
PB8-BOOT0.Locked=true
PB8-BOOT0.Signal=GPIO_Input
PB9.Mode=I2C
PB9.Signal=I2C1_SDA
PC10.GPIOParameters=GPIO_Label
PC10.GPIO_Label=LED3
PC10.Locked=true
PC10.Signal=GPIO_Output
PC11.GPIOParameters=GPIO_Label
PC11.GPIO_Label=LED2
PC11.Locked=true
PC11.Signal=GPIO_Output
PC4.Mode=IN5-Single-Ended
PC4.Signal=ADC2_IN5
PCC.Checker=true
PCC.Line=STM32G4x4
PCC.MCU=STM32G474C(B-C-E)Ux
PCC.PartNumber=STM32G474CBUx
PCC.Seq0=0
PCC.Series=STM32G4
PCC.Temperature=25
PCC.Vdd=3.0
PF0-OSC_IN.Mode=HSE-External-Oscillator
PF0-OSC_IN.Signal=RCC_OSC_IN
PF1-OSC_OUT.Mode=HSE-External-Oscillator
PF1-OSC_OUT.Signal=RCC_OSC_OUT
PinOutPanel.RotationAngle=0
ProjectManager.AskForMigrate=true
ProjectManager.BackupPrevious=false
ProjectManager.CompilerOptimize=6
ProjectManager.ComputerToolchain=false
ProjectManager.CoupleFile=false
ProjectManager.CustomerFirmwarePackage=
ProjectManager.DefaultFWLocation=true
ProjectManager.DeletePrevious=true
ProjectManager.DeviceId=STM32G474CBUx
ProjectManager.FirmwarePackage=STM32Cube FW_G4 V1.1.0
ProjectManager.FreePins=false
ProjectManager.HalAssertFull=false
ProjectManager.HeapSize=0x200
ProjectManager.KeepUserCode=true
ProjectManager.LastFirmware=true
ProjectManager.LibraryCopy=0
ProjectManager.MainLocation=Src
ProjectManager.NoMain=false
ProjectManager.PreviousToolchain=
ProjectManager.ProjectBuild=false
ProjectManager.ProjectFileName=charge-hf.ioc
ProjectManager.ProjectName=charge-hf
ProjectManager.StackSize=0x400
ProjectManager.TargetToolchain=Makefile
ProjectManager.ToolChainLocation=
ProjectManager.UnderRoot=false
ProjectManager.functionlistsort=1-MX_GPIO_Init-GPIO-false-HAL-true,2-MX_DMA_Init-DMA-false-HAL-true,2-SystemClock_Config-RCC-false-HAL-false,3-MX_ADC1_Init-ADC1-false-HAL-true,4-MX_ADC2_Init-ADC2-false-HAL-true,5-MX_COMP1_Init-COMP1-false-HAL-true,6-MX_COMP3_Init-COMP3-false-HAL-true,7-MX_DAC1_Init-DAC1-false-HAL-true,8-MX_DAC3_Init-DAC3-false-HAL-true,9-MX_HRTIM1_Init-HRTIM1-false-HAL-true,10-MX_I2C1_Init-I2C1-false-HAL-true,11-MX_OPAMP1_Init-OPAMP1-false-HAL-true,12-MX_OPAMP2_Init-OPAMP2-false-HAL-true,13-MX_UCPD1_Init-UCPD1-false-LL-true,14-MX_USB_PCD_Init-USB-false-HAL-true
RCC.ADC12Freq_Value=144000000
RCC.ADC345Freq_Value=144000000
RCC.AHBFreq_Value=144000000
RCC.APB1Freq_Value=144000000
RCC.APB1TimFreq_Value=144000000
RCC.APB2Freq_Value=144000000
RCC.APB2TimFreq_Value=144000000
RCC.CRSFreq_Value=48000000
RCC.CortexFreq_Value=144000000
RCC.EXTERNAL_CLOCK_VALUE=12288000
RCC.FCLKCortexFreq_Value=144000000
RCC.FDCANFreq_Value=144000000
RCC.FamilyName=M
RCC.HCLKFreq_Value=144000000
RCC.HRTIM1Freq_Value=144000000
RCC.HSE_VALUE=8000000
RCC.HSI48_VALUE=48000000
RCC.HSI_VALUE=16000000
RCC.I2C1Freq_Value=144000000
RCC.I2C2Freq_Value=144000000
RCC.I2C3Freq_Value=144000000
RCC.I2C4Freq_Value=144000000
RCC.I2SFreq_Value=144000000
RCC.IPParameters=ADC12Freq_Value,ADC345Freq_Value,AHBFreq_Value,APB1Freq_Value,APB1TimFreq_Value,APB2Freq_Value,APB2TimFreq_Value,CRSFreq_Value,CortexFreq_Value,EXTERNAL_CLOCK_VALUE,FCLKCortexFreq_Value,FDCANFreq_Value,FamilyName,HCLKFreq_Value,HRTIM1Freq_Value,HSE_VALUE,HSI48_VALUE,HSI_VALUE,I2C1Freq_Value,I2C2Freq_Value,I2C3Freq_Value,I2C4Freq_Value,I2SFreq_Value,LPTIM1Freq_Value,LPUART1Freq_Value,LSCOPinFreq_Value,LSE_VALUE,LSI_VALUE,MCO1PinFreq_Value,PLLN,PLLPoutputFreq_Value,PLLQ,PLLQoutputFreq_Value,PLLRCLKFreq_Value,PLLSourceVirtual,PWRFreq_Value,QSPIFreq_Value,RNGFreq_Value,SAI1Freq_Value,SYSCLKFreq_VALUE,SYSCLKSource,UART4Freq_Value,UART5Freq_Value,USART1Freq_Value,USART2Freq_Value,USART3Freq_Value,USBFreq_Value,VCOInputFreq_Value,VCOOutputFreq_Value
RCC.LPTIM1Freq_Value=144000000
RCC.LPUART1Freq_Value=144000000
RCC.LSCOPinFreq_Value=32000
RCC.LSE_VALUE=32768
RCC.LSI_VALUE=32000
RCC.MCO1PinFreq_Value=16000000
RCC.PLLN=36
RCC.PLLPoutputFreq_Value=144000000
RCC.PLLQ=RCC_PLLQ_DIV6
RCC.PLLQoutputFreq_Value=48000000
RCC.PLLRCLKFreq_Value=144000000
RCC.PLLSourceVirtual=RCC_PLLSOURCE_HSE
RCC.PWRFreq_Value=144000000
RCC.QSPIFreq_Value=144000000
RCC.RNGFreq_Value=48000000
RCC.SAI1Freq_Value=144000000
RCC.SYSCLKFreq_VALUE=144000000
RCC.SYSCLKSource=RCC_SYSCLKSOURCE_PLLCLK
RCC.UART4Freq_Value=144000000
RCC.UART5Freq_Value=144000000
RCC.USART1Freq_Value=144000000
RCC.USART2Freq_Value=144000000
RCC.USART3Freq_Value=144000000
RCC.USBFreq_Value=48000000
RCC.VCOInputFreq_Value=8000000
RCC.VCOOutputFreq_Value=288000000
SH.COMP_DAC11_group.0=DAC1_OUT1,DAC_OUT1_ExtAndInt
SH.COMP_DAC11_group.ConfNb=1
VP_ADC1_OPAMP_INTERNAL1.Mode=IN-OPAMP1
VP_ADC1_OPAMP_INTERNAL1.Signal=ADC1_OPAMP_INTERNAL1
VP_ADC2_OPAMP_INTERNAL2.Mode=IN-OPAMP2
VP_ADC2_OPAMP_INTERNAL2.Signal=ADC2_OPAMP_INTERNAL2
VP_COMP1_VS_DAC1OUT1.Mode=INM_DAC1OUT1
VP_COMP1_VS_DAC1OUT1.Signal=COMP1_VS_DAC1OUT1
VP_COMP3_VS_DAC3OUT1.Mode=INM_DAC3OUT1
VP_COMP3_VS_DAC3OUT1.Signal=COMP3_VS_DAC3OUT1
VP_DAC3_VS_DACI1.Mode=DAC_OUT1_Int
VP_DAC3_VS_DACI1.Signal=DAC3_VS_DACI1
VP_SYS_VS_DBSignals.Mode=DisableDeadBatterySignals
VP_SYS_VS_DBSignals.Signal=SYS_VS_DBSignals
VP_SYS_VS_Systick.Mode=SysTick
VP_SYS_VS_Systick.Signal=SYS_VS_Systick
VREF+.Locked=true
VREF+.Mode=InternalMode
VREF+.Signal=VREFBUF_OUT
board=custom
